// !$*UTF8*$!
{
	archiveVersion = 1;
	classes = {
	};
	objectVersion = 46;
	objects = {

/* Begin PBXBuildFile section */
		7B830D7E359ECAE7EF4EB94D /* Pods_OpenWeatherMap.framework in Frameworks */ = {isa = PBXBuildFile; fileRef = 2357C3EDDCE7BB7BD12670E0 /* Pods_OpenWeatherMap.framework */; };
		DAB4694B1DDA78030059CCA5 /* AppDelegate.swift in Sources */ = {isa = PBXBuildFile; fileRef = DAB4694A1DDA78030059CCA5 /* AppDelegate.swift */; };
		DAB469521DDA78030059CCA5 /* Assets.xcassets in Resources */ = {isa = PBXBuildFile; fileRef = DAB469511DDA78030059CCA5 /* Assets.xcassets */; };
		DAB4695D1DDA78AF0059CCA5 /* LaunchScreen.xib in Resources */ = {isa = PBXBuildFile; fileRef = DAB4695C1DDA78AF0059CCA5 /* LaunchScreen.xib */; };
		DAB469601DDA79280059CCA5 /* MapViewController.swift in Sources */ = {isa = PBXBuildFile; fileRef = DAB4695E1DDA79280059CCA5 /* MapViewController.swift */; };
		DAB469611DDA79280059CCA5 /* MapViewController.xib in Resources */ = {isa = PBXBuildFile; fileRef = DAB4695F1DDA79280059CCA5 /* MapViewController.xib */; };
		DAB469641DDAB07E0059CCA5 /* CityViewController.swift in Sources */ = {isa = PBXBuildFile; fileRef = DAB469621DDAB07E0059CCA5 /* CityViewController.swift */; };
		DAB469651DDAB07E0059CCA5 /* CityViewController.xib in Resources */ = {isa = PBXBuildFile; fileRef = DAB469631DDAB07E0059CCA5 /* CityViewController.xib */; };
		DAB469671DDAB0FC0059CCA5 /* City.swift in Sources */ = {isa = PBXBuildFile; fileRef = DAB469661DDAB0FC0059CCA5 /* City.swift */; };
		DAB4696D1DDB5D220059CCA5 /* CityDetailViewController.swift in Sources */ = {isa = PBXBuildFile; fileRef = DAB4696B1DDB5D220059CCA5 /* CityDetailViewController.swift */; };
		DAB4696E1DDB5D220059CCA5 /* CityDetailViewController.xib in Resources */ = {isa = PBXBuildFile; fileRef = DAB4696C1DDB5D220059CCA5 /* CityDetailViewController.xib */; };
/* End PBXBuildFile section */

/* Begin PBXFileReference section */
		2357C3EDDCE7BB7BD12670E0 /* Pods_OpenWeatherMap.framework */ = {isa = PBXFileReference; explicitFileType = wrapper.framework; includeInIndex = 0; path = Pods_OpenWeatherMap.framework; sourceTree = BUILT_PRODUCTS_DIR; };
		DAB469471DDA78030059CCA5 /* OpenWeatherMap.app */ = {isa = PBXFileReference; explicitFileType = wrapper.application; includeInIndex = 0; path = OpenWeatherMap.app; sourceTree = BUILT_PRODUCTS_DIR; };
		DAB4694A1DDA78030059CCA5 /* AppDelegate.swift */ = {isa = PBXFileReference; lastKnownFileType = sourcecode.swift; path = AppDelegate.swift; sourceTree = "<group>"; };
		DAB469511DDA78030059CCA5 /* Assets.xcassets */ = {isa = PBXFileReference; lastKnownFileType = folder.assetcatalog; path = Assets.xcassets; sourceTree = "<group>"; };
		DAB469561DDA78030059CCA5 /* Info.plist */ = {isa = PBXFileReference; lastKnownFileType = text.plist.xml; path = Info.plist; sourceTree = "<group>"; };
		DAB4695C1DDA78AF0059CCA5 /* LaunchScreen.xib */ = {isa = PBXFileReference; fileEncoding = 4; lastKnownFileType = file.xib; path = LaunchScreen.xib; sourceTree = "<group>"; };
		DAB4695E1DDA79280059CCA5 /* MapViewController.swift */ = {isa = PBXFileReference; fileEncoding = 4; lastKnownFileType = sourcecode.swift; name = MapViewController.swift; path = ../MapViewController.swift; sourceTree = "<group>"; };
		DAB4695F1DDA79280059CCA5 /* MapViewController.xib */ = {isa = PBXFileReference; fileEncoding = 4; lastKnownFileType = file.xib; name = MapViewController.xib; path = ../MapViewController.xib; sourceTree = "<group>"; };
		DAB469621DDAB07E0059CCA5 /* CityViewController.swift */ = {isa = PBXFileReference; fileEncoding = 4; lastKnownFileType = sourcecode.swift; name = CityViewController.swift; path = ../CityViewController.swift; sourceTree = "<group>"; };
		DAB469631DDAB07E0059CCA5 /* CityViewController.xib */ = {isa = PBXFileReference; fileEncoding = 4; lastKnownFileType = file.xib; name = CityViewController.xib; path = ../CityViewController.xib; sourceTree = "<group>"; };
		DAB469661DDAB0FC0059CCA5 /* City.swift */ = {isa = PBXFileReference; fileEncoding = 4; lastKnownFileType = sourcecode.swift; name = City.swift; path = ../City.swift; sourceTree = "<group>"; };
		DAB4696B1DDB5D220059CCA5 /* CityDetailViewController.swift */ = {isa = PBXFileReference; fileEncoding = 4; lastKnownFileType = sourcecode.swift; path = CityDetailViewController.swift; sourceTree = "<group>"; };
		DAB4696C1DDB5D220059CCA5 /* CityDetailViewController.xib */ = {isa = PBXFileReference; fileEncoding = 4; lastKnownFileType = file.xib; path = CityDetailViewController.xib; sourceTree = "<group>"; };
		EBAEE0254333D32F59504D83 /* Pods-OpenWeatherMap.debug.xcconfig */ = {isa = PBXFileReference; includeInIndex = 1; lastKnownFileType = text.xcconfig; name = "Pods-OpenWeatherMap.debug.xcconfig"; path = "Pods/Target Support Files/Pods-OpenWeatherMap/Pods-OpenWeatherMap.debug.xcconfig"; sourceTree = "<group>"; };
		F4258D6F86BF5BB348BC7E65 /* Pods-OpenWeatherMap.release.xcconfig */ = {isa = PBXFileReference; includeInIndex = 1; lastKnownFileType = text.xcconfig; name = "Pods-OpenWeatherMap.release.xcconfig"; path = "Pods/Target Support Files/Pods-OpenWeatherMap/Pods-OpenWeatherMap.release.xcconfig"; sourceTree = "<group>"; };
/* End PBXFileReference section */

/* Begin PBXFrameworksBuildPhase section */
		DAB469441DDA78030059CCA5 /* Frameworks */ = {
			isa = PBXFrameworksBuildPhase;
			buildActionMask = 2147483647;
			files = (
				7B830D7E359ECAE7EF4EB94D /* Pods_OpenWeatherMap.framework in Frameworks */,
			);
			runOnlyForDeploymentPostprocessing = 0;
		};
/* End PBXFrameworksBuildPhase section */

/* Begin PBXGroup section */
		3653BD36F2E9F5E60B04799A /* Pods */ = {
			isa = PBXGroup;
			children = (
				EBAEE0254333D32F59504D83 /* Pods-OpenWeatherMap.debug.xcconfig */,
				F4258D6F86BF5BB348BC7E65 /* Pods-OpenWeatherMap.release.xcconfig */,
			);
			name = Pods;
			sourceTree = "<group>";
		};
		71772D7B1B4A8E2FD9235905 /* Frameworks */ = {
			isa = PBXGroup;
			children = (
				2357C3EDDCE7BB7BD12670E0 /* Pods_OpenWeatherMap.framework */,
			);
			name = Frameworks;
			sourceTree = "<group>";
		};
		DAB4693E1DDA78030059CCA5 = {
			isa = PBXGroup;
			children = (
				DAB469491DDA78030059CCA5 /* OpenWeatherMap */,
				DAB469481DDA78030059CCA5 /* Products */,
				3653BD36F2E9F5E60B04799A /* Pods */,
				71772D7B1B4A8E2FD9235905 /* Frameworks */,
			);
			sourceTree = "<group>";
		};
		DAB469481DDA78030059CCA5 /* Products */ = {
			isa = PBXGroup;
			children = (
				DAB469471DDA78030059CCA5 /* OpenWeatherMap.app */,
			);
			name = Products;
			sourceTree = "<group>";
		};
		DAB469491DDA78030059CCA5 /* OpenWeatherMap */ = {
			isa = PBXGroup;
			children = (
				DAB4694A1DDA78030059CCA5 /* AppDelegate.swift */,
				DAB469691DDABF1C0059CCA5 /* Model */,
				DAB4696A1DDABF250059CCA5 /* Views */,
				DAB469681DDABEF20059CCA5 /* Supporting Files */,
			);
			path = OpenWeatherMap;
			sourceTree = "<group>";
		};
		DAB469681DDABEF20059CCA5 /* Supporting Files */ = {
			isa = PBXGroup;
			children = (
				DAB469511DDA78030059CCA5 /* Assets.xcassets */,
				DAB469561DDA78030059CCA5 /* Info.plist */,
				DAB4695C1DDA78AF0059CCA5 /* LaunchScreen.xib */,
			);
			name = "Supporting Files";
			sourceTree = "<group>";
		};
		DAB469691DDABF1C0059CCA5 /* Model */ = {
			isa = PBXGroup;
			children = (
				DAB469661DDAB0FC0059CCA5 /* City.swift */,
			);
			path = Model;
			sourceTree = "<group>";
		};
		DAB4696A1DDABF250059CCA5 /* Views */ = {
			isa = PBXGroup;
			children = (
				DAB4695E1DDA79280059CCA5 /* MapViewController.swift */,
				DAB4695F1DDA79280059CCA5 /* MapViewController.xib */,
				DAB469621DDAB07E0059CCA5 /* CityViewController.swift */,
				DAB469631DDAB07E0059CCA5 /* CityViewController.xib */,
				DAB4696B1DDB5D220059CCA5 /* CityDetailViewController.swift */,
				DAB4696C1DDB5D220059CCA5 /* CityDetailViewController.xib */,
			);
			path = Views;
			sourceTree = "<group>";
		};
/* End PBXGroup section */

/* Begin PBXNativeTarget section */
		DAB469461DDA78030059CCA5 /* OpenWeatherMap */ = {
			isa = PBXNativeTarget;
			buildConfigurationList = DAB469591DDA78030059CCA5 /* Build configuration list for PBXNativeTarget "OpenWeatherMap" */;
			buildPhases = (
				1E6351FCB9AB9DE5A07B4D25 /* [CP] Check Pods Manifest.lock */,
				DAB469431DDA78030059CCA5 /* Sources */,
				DAB469441DDA78030059CCA5 /* Frameworks */,
				DAB469451DDA78030059CCA5 /* Resources */,
				80BCA3B948FA812BBF357D12 /* [CP] Embed Pods Frameworks */,
				D1F858629D3C03D9AA3E7E83 /* [CP] Copy Pods Resources */,
			);
			buildRules = (
			);
			dependencies = (
			);
			name = OpenWeatherMap;
			productName = OpenWeatherMap;
			productReference = DAB469471DDA78030059CCA5 /* OpenWeatherMap.app */;
			productType = "com.apple.product-type.application";
		};
/* End PBXNativeTarget section */

/* Begin PBXProject section */
		DAB4693F1DDA78030059CCA5 /* Project object */ = {
			isa = PBXProject;
			attributes = {
				LastSwiftUpdateCheck = 0810;
				LastUpgradeCheck = 0810;
				ORGANIZATIONNAME = PHMB;
				TargetAttributes = {
					DAB469461DDA78030059CCA5 = {
						CreatedOnToolsVersion = 8.1;
						ProvisioningStyle = Automatic;
					};
				};
			};
			buildConfigurationList = DAB469421DDA78030059CCA5 /* Build configuration list for PBXProject "OpenWeatherMap" */;
			compatibilityVersion = "Xcode 3.2";
			developmentRegion = English;
			hasScannedForEncodings = 0;
			knownRegions = (
				en,
				Base,
			);
			mainGroup = DAB4693E1DDA78030059CCA5;
			productRefGroup = DAB469481DDA78030059CCA5 /* Products */;
			projectDirPath = "";
			projectRoot = "";
			targets = (
				DAB469461DDA78030059CCA5 /* OpenWeatherMap */,
			);
		};
/* End PBXProject section */

/* Begin PBXResourcesBuildPhase section */
		DAB469451DDA78030059CCA5 /* Resources */ = {
			isa = PBXResourcesBuildPhase;
			buildActionMask = 2147483647;
			files = (
				DAB469651DDAB07E0059CCA5 /* CityViewController.xib in Resources */,
				DAB4695D1DDA78AF0059CCA5 /* LaunchScreen.xib in Resources */,
				DAB469611DDA79280059CCA5 /* MapViewController.xib in Resources */,
				DAB469521DDA78030059CCA5 /* Assets.xcassets in Resources */,
				DAB4696E1DDB5D220059CCA5 /* CityDetailViewController.xib in Resources */,
			);
			runOnlyForDeploymentPostprocessing = 0;
		};
/* End PBXResourcesBuildPhase section */

/* Begin PBXShellScriptBuildPhase section */
		1E6351FCB9AB9DE5A07B4D25 /* [CP] Check Pods Manifest.lock */ = {
			isa = PBXShellScriptBuildPhase;
			buildActionMask = 2147483647;
			files = (
			);
			inputPaths = (
			);
			name = "[CP] Check Pods Manifest.lock";
			outputPaths = (
			);
			runOnlyForDeploymentPostprocessing = 0;
			shellPath = /bin/sh;
			shellScript = "diff \"${PODS_ROOT}/../Podfile.lock\" \"${PODS_ROOT}/Manifest.lock\" > /dev/null\nif [ $? != 0 ] ; then\n    # print error to STDERR\n    echo \"error: The sandbox is not in sync with the Podfile.lock. Run 'pod install' or update your CocoaPods installation.\" >&2\n    exit 1\nfi\n";
			showEnvVarsInLog = 0;
		};
		80BCA3B948FA812BBF357D12 /* [CP] Embed Pods Frameworks */ = {
			isa = PBXShellScriptBuildPhase;
			buildActionMask = 2147483647;
			files = (
			);
			inputPaths = (
			);
			name = "[CP] Embed Pods Frameworks";
			outputPaths = (
			);
			runOnlyForDeploymentPostprocessing = 0;
			shellPath = /bin/sh;
			shellScript = "\"${SRCROOT}/Pods/Target Support Files/Pods-OpenWeatherMap/Pods-OpenWeatherMap-frameworks.sh\"\n";
			showEnvVarsInLog = 0;
		};
		D1F858629D3C03D9AA3E7E83 /* [CP] Copy Pods Resources */ = {
			isa = PBXShellScriptBuildPhase;
			buildActionMask = 2147483647;
			files = (
			);
			inputPaths = (
			);
			name = "[CP] Copy Pods Resources";
			outputPaths = (
			);
			runOnlyForDeploymentPostprocessing = 0;
			shellPath = /bin/sh;
			shellScript = "\"${SRCROOT}/Pods/Target Support Files/Pods-OpenWeatherMap/Pods-OpenWeatherMap-resources.sh\"\n";
			showEnvVarsInLog = 0;
		};
/* End PBXShellScriptBuildPhase section */

/* Begin PBXSourcesBuildPhase section */
		DAB469431DDA78030059CCA5 /* Sources */ = {
			isa = PBXSourcesBuildPhase;
			buildActionMask = 2147483647;
			files = (
				DAB469641DDAB07E0059CCA5 /* CityViewController.swift in Sources */,
				DAB469601DDA79280059CCA5 /* MapViewController.swift in Sources */,
				DAB469671DDAB0FC0059CCA5 /* City.swift in Sources */,
				DAB4694B1DDA78030059CCA5 /* AppDelegate.swift in Sources */,
				DAB4696D1DDB5D220059CCA5 /* CityDetailViewController.swift in Sources */,
			);
			runOnlyForDeploymentPostprocessing = 0;
		};
/* End PBXSourcesBuildPhase section */

/* Begin XCBuildConfiguration section */
		DAB469571DDA78030059CCA5 /* Debug */ = {
			isa = XCBuildConfiguration;
			buildSettings = {
				ALWAYS_SEARCH_USER_PATHS = NO;
				CLANG_ANALYZER_NONNULL = YES;
				CLANG_CXX_LANGUAGE_STANDARD = "gnu++0x";
				CLANG_CXX_LIBRARY = "libc++";
				CLANG_ENABLE_MODULES = YES;
				CLANG_ENABLE_OBJC_ARC = YES;
				CLANG_WARN_BOOL_CONVERSION = YES;
				CLANG_WARN_CONSTANT_CONVERSION = YES;
				CLANG_WARN_DIRECT_OBJC_ISA_USAGE = YES_ERROR;
				CLANG_WARN_DOCUMENTATION_COMMENTS = YES;
				CLANG_WARN_EMPTY_BODY = YES;
				CLANG_WARN_ENUM_CONVERSION = YES;
				CLANG_WARN_INFINITE_RECURSION = YES;
				CLANG_WARN_INT_CONVERSION = YES;
				CLANG_WARN_OBJC_ROOT_CLASS = YES_ERROR;
				CLANG_WARN_SUSPICIOUS_MOVES = YES;
				CLANG_WARN_UNREACHABLE_CODE = YES;
				CLANG_WARN__DUPLICATE_METHOD_MATCH = YES;
				"CODE_SIGN_IDENTITY[sdk=iphoneos*]" = "iPhone Developer";
				COPY_PHASE_STRIP = NO;
				DEBUG_INFORMATION_FORMAT = dwarf;
				ENABLE_STRICT_OBJC_MSGSEND = YES;
				ENABLE_TESTABILITY = YES;
				GCC_C_LANGUAGE_STANDARD = gnu99;
				GCC_DYNAMIC_NO_PIC = NO;
				GCC_NO_COMMON_BLOCKS = YES;
				GCC_OPTIMIZATION_LEVEL = 0;
				GCC_PREPROCESSOR_DEFINITIONS = (
					"DEBUG=1",
					"$(inherited)",
				);
				GCC_WARN_64_TO_32_BIT_CONVERSION = YES;
				GCC_WARN_ABOUT_RETURN_TYPE = YES_ERROR;
				GCC_WARN_UNDECLARED_SELECTOR = YES;
				GCC_WARN_UNINITIALIZED_AUTOS = YES_AGGRESSIVE;
				GCC_WARN_UNUSED_FUNCTION = YES;
				GCC_WARN_UNUSED_VARIABLE = YES;
				IPHONEOS_DEPLOYMENT_TARGET = 10.1;
				MTL_ENABLE_DEBUG_INFO = YES;
				ONLY_ACTIVE_ARCH = YES;
				SDKROOT = iphoneos;
				SWIFT_ACTIVE_COMPILATION_CONDITIONS = DEBUG;
				SWIFT_OPTIMIZATION_LEVEL = "-Onone";
			};
			name = Debug;
		};
		DAB469581DDA78030059CCA5 /* Release */ = {
			isa = XCBuildConfiguration;
			buildSettings = {
				ALWAYS_SEARCH_USER_PATHS = NO;
				CLANG_ANALYZER_NONNULL = YES;
				CLANG_CXX_LANGUAGE_STANDARD = "gnu++0x";
				CLANG_CXX_LIBRARY = "libc++";
				CLANG_ENABLE_MODULES = YES;
				CLANG_ENABLE_OBJC_ARC = YES;
				CLANG_WARN_BOOL_CONVERSION = YES;
				CLANG_WARN_CONSTANT_CONVERSION = YES;
				CLANG_WARN_DIRECT_OBJC_ISA_USAGE = YES_ERROR;
				CLANG_WARN_DOCUMENTATION_COMMENTS = YES;
				CLANG_WARN_EMPTY_BODY = YES;
				CLANG_WARN_ENUM_CONVERSION = YES;
				CLANG_WARN_INFINITE_RECURSION = YES;
				CLANG_WARN_INT_CONVERSION = YES;
				CLANG_WARN_OBJC_ROOT_CLASS = YES_ERROR;
				CLANG_WARN_SUSPICIOUS_MOVES = YES;
				CLANG_WARN_UNREACHABLE_CODE = YES;
				CLANG_WARN__DUPLICATE_METHOD_MATCH = YES;
				"CODE_SIGN_IDENTITY[sdk=iphoneos*]" = "iPhone Developer";
				COPY_PHASE_STRIP = NO;
				DEBUG_INFORMATION_FORMAT = "dwarf-with-dsym";
				ENABLE_NS_ASSERTIONS = NO;
				ENABLE_STRICT_OBJC_MSGSEND = YES;
				GCC_C_LANGUAGE_STANDARD = gnu99;
				GCC_NO_COMMON_BLOCKS = YES;
				GCC_WARN_64_TO_32_BIT_CONVERSION = YES;
				GCC_WARN_ABOUT_RETURN_TYPE = YES_ERROR;
				GCC_WARN_UNDECLARED_SELECTOR = YES;
				GCC_WARN_UNINITIALIZED_AUTOS = YES_AGGRESSIVE;
				GCC_WARN_UNUSED_FUNCTION = YES;
				GCC_WARN_UNUSED_VARIABLE = YES;
				IPHONEOS_DEPLOYMENT_TARGET = 10.1;
				MTL_ENABLE_DEBUG_INFO = NO;
				SDKROOT = iphoneos;
				SWIFT_OPTIMIZATION_LEVEL = "-Owholemodule";
				VALIDATE_PRODUCT = YES;
			};
			name = Release;
		};
		DAB4695A1DDA78030059CCA5 /* Debug */ = {
			isa = XCBuildConfiguration;
			baseConfigurationReference = EBAEE0254333D32F59504D83 /* Pods-OpenWeatherMap.debug.xcconfig */;
			buildSettings = {
				ASSETCATALOG_COMPILER_APPICON_NAME = AppIcon;
				DEVELOPMENT_TEAM = "";
				INFOPLIST_FILE = OpenWeatherMap/Info.plist;
				LD_RUNPATH_SEARCH_PATHS = "$(inherited) @executable_path/Frameworks";
				PRODUCT_BUNDLE_IDENTIFIER = com.phmb..OpenWeatherMap;
				PRODUCT_NAME = "$(TARGET_NAME)";
				SWIFT_VERSION = 3.0;
			};
			name = Debug;
		};
		DAB4695B1DDA78030059CCA5 /* Release */ = {
			isa = XCBuildConfiguration;
			baseConfigurationReference = F4258D6F86BF5BB348BC7E65 /* Pods-OpenWeatherMap.release.xcconfig */;
			buildSettings = {
				ASSETCATALOG_COMPILER_APPICON_NAME = AppIcon;
				DEVELOPMENT_TEAM = "";
				INFOPLIST_FILE = OpenWeatherMap/Info.plist;
				LD_RUNPATH_SEARCH_PATHS = "$(inherited) @executable_path/Frameworks";
				PRODUCT_BUNDLE_IDENTIFIER = com.phmb..OpenWeatherMap;
				PRODUCT_NAME = "$(TARGET_NAME)";
				SWIFT_VERSION = 3.0;
			};
			name = Release;
		};
/* End XCBuildConfiguration section */

/* Begin XCConfigurationList section */
		DAB469421DDA78030059CCA5 /* Build configuration list for PBXProject "OpenWeatherMap" */ = {
			isa = XCConfigurationList;
			buildConfigurations = (
				DAB469571DDA78030059CCA5 /* Debug */,
				DAB469581DDA78030059CCA5 /* Release */,
			);
			defaultConfigurationIsVisible = 0;
			defaultConfigurationName = Release;
		};
		DAB469591DDA78030059CCA5 /* Build configuration list for PBXNativeTarget "OpenWeatherMap" */ = {
			isa = XCConfigurationList;
			buildConfigurations = (
				DAB4695A1DDA78030059CCA5 /* Debug */,
				DAB4695B1DDA78030059CCA5 /* Release */,
			);
			defaultConfigurationIsVisible = 0;
			defaultConfigurationName = Release;
		};
/* End XCConfigurationList section */
	};
	rootObject = DAB4693F1DDA78030059CCA5 /* Project object */;
}
